// !$*UTF8*$!
{
	archiveVersion = 1;
	classes = {
	};
	objectVersion = 55;
	objects = {

/* Begin PBXBuildFile section */
		6B39E1472806542000358CF7 /* CodeTextView.swift in Sources */ = {isa = PBXBuildFile; fileRef = 6B39E1462806542000358CF7 /* CodeTextView.swift */; };
		6B39E181280668EB00358CF7 /* RectangleCard.swift in Sources */ = {isa = PBXBuildFile; fileRef = 6B39E180280668EB00358CF7 /* RectangleCard.swift */; };
		6B7B54DF2803880800950724 /* LearningAppApp.swift in Sources */ = {isa = PBXBuildFile; fileRef = 6B7B54DE2803880800950724 /* LearningAppApp.swift */; };
		6B7B54E12803880800950724 /* HomeView.swift in Sources */ = {isa = PBXBuildFile; fileRef = 6B7B54E02803880800950724 /* HomeView.swift */; };
		6B7B54E32803880900950724 /* Assets.xcassets in Resources */ = {isa = PBXBuildFile; fileRef = 6B7B54E22803880900950724 /* Assets.xcassets */; };
		6B7B54E62803880900950724 /* Preview Assets.xcassets in Resources */ = {isa = PBXBuildFile; fileRef = 6B7B54E52803880900950724 /* Preview Assets.xcassets */; };
		6B7B54F22804E6D200950724 /* ContentModel.swift in Sources */ = {isa = PBXBuildFile; fileRef = 6B7B54F12804E6D200950724 /* ContentModel.swift */; };
		6B7B54F42804E99B00950724 /* data.json in Resources */ = {isa = PBXBuildFile; fileRef = 6B7B54F32804E99B00950724 /* data.json */; };
		6B7B54F62804E9B200950724 /* style.html in Resources */ = {isa = PBXBuildFile; fileRef = 6B7B54F52804E9B200950724 /* style.html */; };
		6B7B54F82804EF1200950724 /* Models.swift in Sources */ = {isa = PBXBuildFile; fileRef = 6B7B54F72804EF1200950724 /* Models.swift */; };
		6B7B54FA2805EA2700950724 /* HomeViewRow.swift in Sources */ = {isa = PBXBuildFile; fileRef = 6B7B54F92805EA2700950724 /* HomeViewRow.swift */; };
		6B7B54FC2805FCC800950724 /* ContentView.swift in Sources */ = {isa = PBXBuildFile; fileRef = 6B7B54FB2805FCC800950724 /* ContentView.swift */; };
		6B7B54FE2806080100950724 /* ContentViewRow.swift in Sources */ = {isa = PBXBuildFile; fileRef = 6B7B54FD2806080100950724 /* ContentViewRow.swift */; };
		6B7B550028060B3C00950724 /* ContentDetailView.swift in Sources */ = {isa = PBXBuildFile; fileRef = 6B7B54FF28060B3C00950724 /* ContentDetailView.swift */; };
		6B7B550328062CAE00950724 /* AVKit.framework in Frameworks */ = {isa = PBXBuildFile; fileRef = 6B7B550228062CAE00950724 /* AVKit.framework */; };
		6B7B5505280637DE00950724 /* Constants.swift in Sources */ = {isa = PBXBuildFile; fileRef = 6B7B5504280637DE00950724 /* Constants.swift */; };
		6BC7D7AD280F5597001C1C58 /* TestView.swift in Sources */ = {isa = PBXBuildFile; fileRef = 6BC7D7AC280F5597001C1C58 /* TestView.swift */; };
		6BC7D7AF28108FED001C1C58 /* TestResultView.swift in Sources */ = {isa = PBXBuildFile; fileRef = 6BC7D7AE28108FED001C1C58 /* TestResultView.swift */; };
/* End PBXBuildFile section */

/* Begin PBXFileReference section */
		6B39E1462806542000358CF7 /* CodeTextView.swift */ = {isa = PBXFileReference; lastKnownFileType = sourcecode.swift; path = CodeTextView.swift; sourceTree = "<group>"; };
		6B39E180280668EB00358CF7 /* RectangleCard.swift */ = {isa = PBXFileReference; lastKnownFileType = sourcecode.swift; path = RectangleCard.swift; sourceTree = "<group>"; };
		6B7B54DB2803880700950724 /* LearningApp.app */ = {isa = PBXFileReference; explicitFileType = wrapper.application; includeInIndex = 0; path = LearningApp.app; sourceTree = BUILT_PRODUCTS_DIR; };
		6B7B54DE2803880800950724 /* LearningAppApp.swift */ = {isa = PBXFileReference; lastKnownFileType = sourcecode.swift; path = LearningAppApp.swift; sourceTree = "<group>"; };
		6B7B54E02803880800950724 /* HomeView.swift */ = {isa = PBXFileReference; lastKnownFileType = sourcecode.swift; path = HomeView.swift; sourceTree = "<group>"; };
		6B7B54E22803880900950724 /* Assets.xcassets */ = {isa = PBXFileReference; lastKnownFileType = folder.assetcatalog; path = Assets.xcassets; sourceTree = "<group>"; };
		6B7B54E52803880900950724 /* Preview Assets.xcassets */ = {isa = PBXFileReference; lastKnownFileType = folder.assetcatalog; path = "Preview Assets.xcassets"; sourceTree = "<group>"; };
		6B7B54F12804E6D200950724 /* ContentModel.swift */ = {isa = PBXFileReference; lastKnownFileType = sourcecode.swift; path = ContentModel.swift; sourceTree = "<group>"; };
		6B7B54F32804E99B00950724 /* data.json */ = {isa = PBXFileReference; fileEncoding = 4; lastKnownFileType = text.json; path = data.json; sourceTree = "<group>"; };
		6B7B54F52804E9B200950724 /* style.html */ = {isa = PBXFileReference; fileEncoding = 4; lastKnownFileType = text.html; path = style.html; sourceTree = "<group>"; };
		6B7B54F72804EF1200950724 /* Models.swift */ = {isa = PBXFileReference; lastKnownFileType = sourcecode.swift; path = Models.swift; sourceTree = "<group>"; };
		6B7B54F92805EA2700950724 /* HomeViewRow.swift */ = {isa = PBXFileReference; lastKnownFileType = sourcecode.swift; path = HomeViewRow.swift; sourceTree = "<group>"; };
		6B7B54FB2805FCC800950724 /* ContentView.swift */ = {isa = PBXFileReference; lastKnownFileType = sourcecode.swift; path = ContentView.swift; sourceTree = "<group>"; };
		6B7B54FD2806080100950724 /* ContentViewRow.swift */ = {isa = PBXFileReference; lastKnownFileType = sourcecode.swift; path = ContentViewRow.swift; sourceTree = "<group>"; };
		6B7B54FF28060B3C00950724 /* ContentDetailView.swift */ = {isa = PBXFileReference; lastKnownFileType = sourcecode.swift; path = ContentDetailView.swift; sourceTree = "<group>"; };
		6B7B550228062CAE00950724 /* AVKit.framework */ = {isa = PBXFileReference; lastKnownFileType = wrapper.framework; name = AVKit.framework; path = System/Library/Frameworks/AVKit.framework; sourceTree = SDKROOT; };
		6B7B5504280637DE00950724 /* Constants.swift */ = {isa = PBXFileReference; lastKnownFileType = sourcecode.swift; path = Constants.swift; sourceTree = "<group>"; };
		6BC7D7AC280F5597001C1C58 /* TestView.swift */ = {isa = PBXFileReference; lastKnownFileType = sourcecode.swift; path = TestView.swift; sourceTree = "<group>"; };
		6BC7D7AE28108FED001C1C58 /* TestResultView.swift */ = {isa = PBXFileReference; lastKnownFileType = sourcecode.swift; path = TestResultView.swift; sourceTree = "<group>"; };
/* End PBXFileReference section */

/* Begin PBXFrameworksBuildPhase section */
		6B7B54D82803880700950724 /* Frameworks */ = {
			isa = PBXFrameworksBuildPhase;
			buildActionMask = 2147483647;
			files = (
				6B7B550328062CAE00950724 /* AVKit.framework in Frameworks */,
			);
			runOnlyForDeploymentPostprocessing = 0;
		};
/* End PBXFrameworksBuildPhase section */

/* Begin PBXGroup section */
		6B7B54D22803880700950724 = {
			isa = PBXGroup;
			children = (
				6B7B54DD2803880700950724 /* LearningApp */,
				6B7B54DC2803880700950724 /* Products */,
				6B7B550128062CAE00950724 /* Frameworks */,
			);
			sourceTree = "<group>";
		};
		6B7B54DC2803880700950724 /* Products */ = {
			isa = PBXGroup;
			children = (
				6B7B54DB2803880700950724 /* LearningApp.app */,
			);
			name = Products;
			sourceTree = "<group>";
		};
		6B7B54DD2803880700950724 /* LearningApp */ = {
			isa = PBXGroup;
			children = (
				6B7B54DE2803880800950724 /* LearningAppApp.swift */,
				6B7B54F0280388E400950724 /* Utilities */,
				6B7B54EF280388DD00950724 /* Resources */,
				6B7B54EE280388D200950724 /* Models */,
				6B7B54ED280388CD00950724 /* ViewModels */,
				6B7B54EC280388C700950724 /* Views */,
				6B7B54E22803880900950724 /* Assets.xcassets */,
				6B7B54E42803880900950724 /* Preview Content */,
			);
			path = LearningApp;
			sourceTree = "<group>";
		};
		6B7B54E42803880900950724 /* Preview Content */ = {
			isa = PBXGroup;
			children = (
				6B7B54E52803880900950724 /* Preview Assets.xcassets */,
			);
			path = "Preview Content";
			sourceTree = "<group>";
		};
		6B7B54EC280388C700950724 /* Views */ = {
			isa = PBXGroup;
			children = (
				6B7B54E02803880800950724 /* HomeView.swift */,
				6B7B54F92805EA2700950724 /* HomeViewRow.swift */,
				6B7B54FB2805FCC800950724 /* ContentView.swift */,
				6B7B54FD2806080100950724 /* ContentViewRow.swift */,
				6B7B54FF28060B3C00950724 /* ContentDetailView.swift */,
				6B39E1462806542000358CF7 /* CodeTextView.swift */,
				6B39E180280668EB00358CF7 /* RectangleCard.swift */,
				6BC7D7AC280F5597001C1C58 /* TestView.swift */,
				6BC7D7AE28108FED001C1C58 /* TestResultView.swift */,
			);
			path = Views;
			sourceTree = "<group>";
		};
		6B7B54ED280388CD00950724 /* ViewModels */ = {
			isa = PBXGroup;
			children = (
				6B7B54F12804E6D200950724 /* ContentModel.swift */,
			);
			path = ViewModels;
			sourceTree = "<group>";
		};
		6B7B54EE280388D200950724 /* Models */ = {
			isa = PBXGroup;
			children = (
				6B7B54F72804EF1200950724 /* Models.swift */,
			);
			path = Models;
			sourceTree = "<group>";
		};
		6B7B54EF280388DD00950724 /* Resources */ = {
			isa = PBXGroup;
			children = (
				6B7B54F32804E99B00950724 /* data.json */,
				6B7B54F52804E9B200950724 /* style.html */,
				6B7B5504280637DE00950724 /* Constants.swift */,
			);
			path = Resources;
			sourceTree = "<group>";
		};
		6B7B54F0280388E400950724 /* Utilities */ = {
			isa = PBXGroup;
			children = (
			);
			path = Utilities;
			sourceTree = "<group>";
		};
		6B7B550128062CAE00950724 /* Frameworks */ = {
			isa = PBXGroup;
			children = (
				6B7B550228062CAE00950724 /* AVKit.framework */,
			);
			name = Frameworks;
			sourceTree = "<group>";
		};
/* End PBXGroup section */

/* Begin PBXNativeTarget section */
		6B7B54DA2803880700950724 /* LearningApp */ = {
			isa = PBXNativeTarget;
			buildConfigurationList = 6B7B54E92803880900950724 /* Build configuration list for PBXNativeTarget "LearningApp" */;
			buildPhases = (
				6B7B54D72803880700950724 /* Sources */,
				6B7B54D82803880700950724 /* Frameworks */,
				6B7B54D92803880700950724 /* Resources */,
			);
			buildRules = (
			);
			dependencies = (
			);
			name = LearningApp;
			productName = LearningApp;
			productReference = 6B7B54DB2803880700950724 /* LearningApp.app */;
			productType = "com.apple.product-type.application";
		};
/* End PBXNativeTarget section */

/* Begin PBXProject section */
		6B7B54D32803880700950724 /* Project object */ = {
			isa = PBXProject;
			attributes = {
				BuildIndependentTargetsInParallel = 1;
				LastSwiftUpdateCheck = 1330;
				LastUpgradeCheck = 1330;
				TargetAttributes = {
					6B7B54DA2803880700950724 = {
						CreatedOnToolsVersion = 13.3;
					};
				};
			};
			buildConfigurationList = 6B7B54D62803880700950724 /* Build configuration list for PBXProject "LearningApp" */;
			compatibilityVersion = "Xcode 13.0";
			developmentRegion = en;
			hasScannedForEncodings = 0;
			knownRegions = (
				en,
				Base,
			);
			mainGroup = 6B7B54D22803880700950724;
			productRefGroup = 6B7B54DC2803880700950724 /* Products */;
			projectDirPath = "";
			projectRoot = "";
			targets = (
				6B7B54DA2803880700950724 /* LearningApp */,
			);
		};
/* End PBXProject section */

/* Begin PBXResourcesBuildPhase section */
		6B7B54D92803880700950724 /* Resources */ = {
			isa = PBXResourcesBuildPhase;
			buildActionMask = 2147483647;
			files = (
				6B7B54E62803880900950724 /* Preview Assets.xcassets in Resources */,
				6B7B54F42804E99B00950724 /* data.json in Resources */,
				6B7B54F62804E9B200950724 /* style.html in Resources */,
				6B7B54E32803880900950724 /* Assets.xcassets in Resources */,
			);
			runOnlyForDeploymentPostprocessing = 0;
		};
/* End PBXResourcesBuildPhase section */

/* Begin PBXSourcesBuildPhase section */
		6B7B54D72803880700950724 /* Sources */ = {
			isa = PBXSourcesBuildPhase;
			buildActionMask = 2147483647;
			files = (
				6BC7D7AD280F5597001C1C58 /* TestView.swift in Sources */,
				6BC7D7AF28108FED001C1C58 /* TestResultView.swift in Sources */,
				6B7B54E12803880800950724 /* HomeView.swift in Sources */,
				6B7B54FA2805EA2700950724 /* HomeViewRow.swift in Sources */,
				6B7B54FC2805FCC800950724 /* ContentView.swift in Sources */,
				6B7B550028060B3C00950724 /* ContentDetailView.swift in Sources */,
				6B7B54DF2803880800950724 /* LearningAppApp.swift in Sources */,
				6B7B54FE2806080100950724 /* ContentViewRow.swift in Sources */,
				6B39E1472806542000358CF7 /* CodeTextView.swift in Sources */,
				6B7B54F22804E6D200950724 /* ContentModel.swift in Sources */,
				6B7B54F82804EF1200950724 /* Models.swift in Sources */,
				6B39E181280668EB00358CF7 /* RectangleCard.swift in Sources */,
				6B7B5505280637DE00950724 /* Constants.swift in Sources */,
			);
			runOnlyForDeploymentPostprocessing = 0;
		};
/* End PBXSourcesBuildPhase section */

/* Begin XCBuildConfiguration section */
		6B7B54E72803880900950724 /* Debug */ = {
			isa = XCBuildConfiguration;
			buildSettings = {
				ALWAYS_SEARCH_USER_PATHS = NO;
				CLANG_ANALYZER_NONNULL = YES;
				CLANG_ANALYZER_NUMBER_OBJECT_CONVERSION = YES_AGGRESSIVE;
				CLANG_CXX_LANGUAGE_STANDARD = "gnu++17";
				CLANG_ENABLE_MODULES = YES;
				CLANG_ENABLE_OBJC_ARC = YES;
				CLANG_ENABLE_OBJC_WEAK = YES;
				CLANG_WARN_BLOCK_CAPTURE_AUTORELEASING = YES;
				CLANG_WARN_BOOL_CONVERSION = YES;
				CLANG_WARN_COMMA = YES;
				CLANG_WARN_CONSTANT_CONVERSION = YES;
				CLANG_WARN_DEPRECATED_OBJC_IMPLEMENTATIONS = YES;
				CLANG_WARN_DIRECT_OBJC_ISA_USAGE = YES_ERROR;
				CLANG_WARN_DOCUMENTATION_COMMENTS = YES;
				CLANG_WARN_EMPTY_BODY = YES;
				CLANG_WARN_ENUM_CONVERSION = YES;
				CLANG_WARN_INFINITE_RECURSION = YES;
				CLANG_WARN_INT_CONVERSION = YES;
				CLANG_WARN_NON_LITERAL_NULL_CONVERSION = YES;
				CLANG_WARN_OBJC_IMPLICIT_RETAIN_SELF = YES;
				CLANG_WARN_OBJC_LITERAL_CONVERSION = YES;
				CLANG_WARN_OBJC_ROOT_CLASS = YES_ERROR;
				CLANG_WARN_QUOTED_INCLUDE_IN_FRAMEWORK_HEADER = YES;
				CLANG_WARN_RANGE_LOOP_ANALYSIS = YES;
				CLANG_WARN_STRICT_PROTOTYPES = YES;
				CLANG_WARN_SUSPICIOUS_MOVE = YES;
				CLANG_WARN_UNGUARDED_AVAILABILITY = YES_AGGRESSIVE;
				CLANG_WARN_UNREACHABLE_CODE = YES;
				CLANG_WARN__DUPLICATE_METHOD_MATCH = YES;
				COPY_PHASE_STRIP = NO;
				DEBUG_INFORMATION_FORMAT = dwarf;
				ENABLE_STRICT_OBJC_MSGSEND = YES;
				ENABLE_TESTABILITY = YES;
				GCC_C_LANGUAGE_STANDARD = gnu11;
				GCC_DYNAMIC_NO_PIC = NO;
				GCC_NO_COMMON_BLOCKS = YES;
				GCC_OPTIMIZATION_LEVEL = 0;
				GCC_PREPROCESSOR_DEFINITIONS = (
					"DEBUG=1",
					"$(inherited)",
				);
				GCC_WARN_64_TO_32_BIT_CONVERSION = YES;
				GCC_WARN_ABOUT_RETURN_TYPE = YES_ERROR;
				GCC_WARN_UNDECLARED_SELECTOR = YES;
				GCC_WARN_UNINITIALIZED_AUTOS = YES_AGGRESSIVE;
				GCC_WARN_UNUSED_FUNCTION = YES;
				GCC_WARN_UNUSED_VARIABLE = YES;
				IPHONEOS_DEPLOYMENT_TARGET = 15.4;
				MTL_ENABLE_DEBUG_INFO = INCLUDE_SOURCE;
				MTL_FAST_MATH = YES;
				ONLY_ACTIVE_ARCH = YES;
				SDKROOT = iphoneos;
				SWIFT_ACTIVE_COMPILATION_CONDITIONS = DEBUG;
				SWIFT_OPTIMIZATION_LEVEL = "-Onone";
			};
			name = Debug;
		};
		6B7B54E82803880900950724 /* Release */ = {
			isa = XCBuildConfiguration;
			buildSettings = {
				ALWAYS_SEARCH_USER_PATHS = NO;
				CLANG_ANALYZER_NONNULL = YES;
				CLANG_ANALYZER_NUMBER_OBJECT_CONVERSION = YES_AGGRESSIVE;
				CLANG_CXX_LANGUAGE_STANDARD = "gnu++17";
				CLANG_ENABLE_MODULES = YES;
				CLANG_ENABLE_OBJC_ARC = YES;
				CLANG_ENABLE_OBJC_WEAK = YES;
				CLANG_WARN_BLOCK_CAPTURE_AUTORELEASING = YES;
				CLANG_WARN_BOOL_CONVERSION = YES;
				CLANG_WARN_COMMA = YES;
				CLANG_WARN_CONSTANT_CONVERSION = YES;
				CLANG_WARN_DEPRECATED_OBJC_IMPLEMENTATIONS = YES;
				CLANG_WARN_DIRECT_OBJC_ISA_USAGE = YES_ERROR;
				CLANG_WARN_DOCUMENTATION_COMMENTS = YES;
				CLANG_WARN_EMPTY_BODY = YES;
				CLANG_WARN_ENUM_CONVERSION = YES;
				CLANG_WARN_INFINITE_RECURSION = YES;
				CLANG_WARN_INT_CONVERSION = YES;
				CLANG_WARN_NON_LITERAL_NULL_CONVERSION = YES;
				CLANG_WARN_OBJC_IMPLICIT_RETAIN_SELF = YES;
				CLANG_WARN_OBJC_LITERAL_CONVERSION = YES;
				CLANG_WARN_OBJC_ROOT_CLASS = YES_ERROR;
				CLANG_WARN_QUOTED_INCLUDE_IN_FRAMEWORK_HEADER = YES;
				CLANG_WARN_RANGE_LOOP_ANALYSIS = YES;
				CLANG_WARN_STRICT_PROTOTYPES = YES;
				CLANG_WARN_SUSPICIOUS_MOVE = YES;
				CLANG_WARN_UNGUARDED_AVAILABILITY = YES_AGGRESSIVE;
				CLANG_WARN_UNREACHABLE_CODE = YES;
				CLANG_WARN__DUPLICATE_METHOD_MATCH = YES;
				COPY_PHASE_STRIP = NO;
				DEBUG_INFORMATION_FORMAT = "dwarf-with-dsym";
				ENABLE_NS_ASSERTIONS = NO;
				ENABLE_STRICT_OBJC_MSGSEND = YES;
				GCC_C_LANGUAGE_STANDARD = gnu11;
				GCC_NO_COMMON_BLOCKS = YES;
				GCC_WARN_64_TO_32_BIT_CONVERSION = YES;
				GCC_WARN_ABOUT_RETURN_TYPE = YES_ERROR;
				GCC_WARN_UNDECLARED_SELECTOR = YES;
				GCC_WARN_UNINITIALIZED_AUTOS = YES_AGGRESSIVE;
				GCC_WARN_UNUSED_FUNCTION = YES;
				GCC_WARN_UNUSED_VARIABLE = YES;
				IPHONEOS_DEPLOYMENT_TARGET = 15.4;
				MTL_ENABLE_DEBUG_INFO = NO;
				MTL_FAST_MATH = YES;
				SDKROOT = iphoneos;
				SWIFT_COMPILATION_MODE = wholemodule;
				SWIFT_OPTIMIZATION_LEVEL = "-O";
				VALIDATE_PRODUCT = YES;
			};
			name = Release;
		};
		6B7B54EA2803880900950724 /* Debug */ = {
			isa = XCBuildConfiguration;
			buildSettings = {
				ASSETCATALOG_COMPILER_APPICON_NAME = AppIcon;
				ASSETCATALOG_COMPILER_GLOBAL_ACCENT_COLOR_NAME = AccentColor;
				CODE_SIGN_STYLE = Automatic;
				CURRENT_PROJECT_VERSION = 1;
				DEVELOPMENT_ASSET_PATHS = "\"LearningApp/Preview Content\"";
				DEVELOPMENT_TEAM = AN5M2ACY93;
				ENABLE_PREVIEWS = YES;
				GENERATE_INFOPLIST_FILE = YES;
				INFOPLIST_KEY_UIApplicationSceneManifest_Generation = YES;
				INFOPLIST_KEY_UIApplicationSupportsIndirectInputEvents = YES;
				INFOPLIST_KEY_UILaunchScreen_Generation = YES;
				INFOPLIST_KEY_UISupportedInterfaceOrientations_iPad = "UIInterfaceOrientationPortrait UIInterfaceOrientationPortraitUpsideDown UIInterfaceOrientationLandscapeLeft UIInterfaceOrientationLandscapeRight";
				INFOPLIST_KEY_UISupportedInterfaceOrientations_iPhone = "UIInterfaceOrientationPortrait UIInterfaceOrientationLandscapeLeft UIInterfaceOrientationLandscapeRight";
				LD_RUNPATH_SEARCH_PATHS = (
					"$(inherited)",
					"@executable_path/Frameworks",
				);
				MARKETING_VERSION = 1.0;
				PRODUCT_BUNDLE_IDENTIFIER = com.langston.kynda.LearningApp;
				PRODUCT_NAME = "$(TARGET_NAME)";
				SWIFT_EMIT_LOC_STRINGS = YES;
				SWIFT_VERSION = 5.0;
				TARGETED_DEVICE_FAMILY = "1,2";
			};
			name = Debug;
		};
		6B7B54EB2803880900950724 /* Release */ = {
			isa = XCBuildConfiguration;
			buildSettings = {
				ASSETCATALOG_COMPILER_APPICON_NAME = AppIcon;
				ASSETCATALOG_COMPILER_GLOBAL_ACCENT_COLOR_NAME = AccentColor;
				CODE_SIGN_STYLE = Automatic;
				CURRENT_PROJECT_VERSION = 1;
				DEVELOPMENT_ASSET_PATHS = "\"LearningApp/Preview Content\"";
				DEVELOPMENT_TEAM = AN5M2ACY93;
				ENABLE_PREVIEWS = YES;
				GENERATE_INFOPLIST_FILE = YES;
				INFOPLIST_KEY_UIApplicationSceneManifest_Generation = YES;
				INFOPLIST_KEY_UIApplicationSupportsIndirectInputEvents = YES;
				INFOPLIST_KEY_UILaunchScreen_Generation = YES;
				INFOPLIST_KEY_UISupportedInterfaceOrientations_iPad = "UIInterfaceOrientationPortrait UIInterfaceOrientationPortraitUpsideDown UIInterfaceOrientationLandscapeLeft UIInterfaceOrientationLandscapeRight";
				INFOPLIST_KEY_UISupportedInterfaceOrientations_iPhone = "UIInterfaceOrientationPortrait UIInterfaceOrientationLandscapeLeft UIInterfaceOrientationLandscapeRight";
				LD_RUNPATH_SEARCH_PATHS = (
					"$(inherited)",
					"@executable_path/Frameworks",
				);
				MARKETING_VERSION = 1.0;
				PRODUCT_BUNDLE_IDENTIFIER = com.langston.kynda.LearningApp;
				PRODUCT_NAME = "$(TARGET_NAME)";
				SWIFT_EMIT_LOC_STRINGS = YES;
				SWIFT_VERSION = 5.0;
				TARGETED_DEVICE_FAMILY = "1,2";
			};
			name = Release;
		};
/* End XCBuildConfiguration section */

/* Begin XCConfigurationList section */
		6B7B54D62803880700950724 /* Build configuration list for PBXProject "LearningApp" */ = {
			isa = XCConfigurationList;
			buildConfigurations = (
				6B7B54E72803880900950724 /* Debug */,
				6B7B54E82803880900950724 /* Release */,
			);
			defaultConfigurationIsVisible = 0;
			defaultConfigurationName = Release;
		};
		6B7B54E92803880900950724 /* Build configuration list for PBXNativeTarget "LearningApp" */ = {
			isa = XCConfigurationList;
			buildConfigurations = (
				6B7B54EA2803880900950724 /* Debug */,
				6B7B54EB2803880900950724 /* Release */,
			);
			defaultConfigurationIsVisible = 0;
			defaultConfigurationName = Release;
		};
/* End XCConfigurationList section */
	};
	rootObject = 6B7B54D32803880700950724 /* Project object */;
}
